
Microsoft Visual Studio Solution File, Format Version 12.00
# Visual Studio 15
VisualStudioVersion = 15.0.28010.2019
MinimumVisualStudioVersion = 10.0.40219.1
Project("{8BC9CEB8-8B4A-11D0-8D11-00A0C91BC942}") = "b5.5", "b5.5\b5.5.vcxproj", "{E2DED180-DC9A-4123-AE43-D99CD0FBD8B9}"
EndProject
Global
	GlobalSection(SolutionConfigurationPlatforms) = preSolution
		Debug|x64 = Debug|x64
		Debug|x86 = Debug|x86
		Release|x64 = Release|x64
		Release|x86 = Release|x86
	EndGlobalSection
	GlobalSection(ProjectConfigurationPlatforms) = postSolution
		{E2DED180-DC9A-4123-AE43-D99CD0FBD8B9}.Debug|x64.ActiveCfg = Debug|x64
		{E2DED180-DC9A-4123-AE43-D99CD0FBD8B9}.Debug|x64.Build.0 = Debug|x64
		{E2DED180-DC9A-4123-AE43-D99CD0FBD8B9}.Debug|x86.ActiveCfg = Debug|Win32
		{E2DED180-DC9A-4123-AE43-D99CD0FBD8B9}.Debug|x86.Build.0 = Debug|Win32
		{E2DED180-DC9A-4123-AE43-D99CD0FBD8B9}.Release|x64.ActiveCfg = Release|x64
		{E2DED180-DC9A-4123-AE43-D99CD0FBD8B9}.Release|x64.Build.0 = Release|x64
		{E2DED180-DC9A-4123-AE43-D99CD0FBD8B9}.Release|x86.ActiveCfg = Release|Win32
		{E2DED180-DC9A-4123-AE43-D99CD0FBD8B9}.Release|x86.Build.0 = Release|Win32
	EndGlobalSection
	GlobalSection(SolutionProperties) = preSolution
		HideSolutionNode = FALSE
	EndGlobalSection
	GlobalSection(ExtensibilityGlobals) = postSolution
		SolutionGuid = {E95805EE-B765-4DF9-995D-6B6B163DBAEB}
	EndGlobalSection
EndGlobal
